
Microsoft Visual Studio Solution File, Format Version 12.00
# Visual Studio Version 16
VisualStudioVersion = 16.0.30907.101
MinimumVisualStudioVersion = 10.0.40219.1
Project("{9A19103F-16F7-4668-BE54-9A1E7A4F7556}") = "ComputerAccounting", "ComputerAccounting\ComputerAccounting.csproj", "{34B5A0D3-ECBE-4778-ABFF-57FCDAF60862}"
EndProject
Project("{54435603-DBB4-11D2-8724-00A0C9A8B90C}") = "Setup", "Setup\Setup.vdproj", "{BB025B0F-D6B2-441A-B07D-210C0CD299E9}"
EndProject
Global
	GlobalSection(SolutionConfigurationPlatforms) = preSolution
		Debug|Any CPU = Debug|Any CPU
		Release|Any CPU = Release|Any CPU
	EndGlobalSection
	GlobalSection(ProjectConfigurationPlatforms) = postSolution
		{34B5A0D3-ECBE-4778-ABFF-57FCDAF60862}.Debug|Any CPU.ActiveCfg = Debug|Any CPU
		{34B5A0D3-ECBE-4778-ABFF-57FCDAF60862}.Debug|Any CPU.Build.0 = Debug|Any CPU
		{34B5A0D3-ECBE-4778-ABFF-57FCDAF60862}.Release|Any CPU.ActiveCfg = Release|Any CPU
		{34B5A0D3-ECBE-4778-ABFF-57FCDAF60862}.Release|Any CPU.Build.0 = Release|Any CPU
		{BB025B0F-D6B2-441A-B07D-210C0CD299E9}.Debug|Any CPU.ActiveCfg = Debug
		{BB025B0F-D6B2-441A-B07D-210C0CD299E9}.Release|Any CPU.ActiveCfg = Release
	EndGlobalSection
	GlobalSection(SolutionProperties) = preSolution
		HideSolutionNode = FALSE
	EndGlobalSection
	GlobalSection(ExtensibilityGlobals) = postSolution
		SolutionGuid = {C38FC972-B21A-4784-A92A-31B68AE13BB3}
	EndGlobalSection
EndGlobal
